
Microsoft Visual Studio Solution File, Format Version 12.00
# Visual Studio 15
VisualStudioVersion = 15.0.27428.2002
MinimumVisualStudioVersion = 10.0.40219.1
Project("{FAE04EC0-301F-11D3-BF4B-00C04F79EFBC}") = "WeexDemo", "WeexDemo\WeexDemo.csproj", "{C5977DAF-9F30-47BB-9BA0-511C68EDAEC0}"
EndProject
Project("{FAE04EC0-301F-11D3-BF4B-00C04F79EFBC}") = "Weex.Android", "Weex.Android\Weex.Android.csproj", "{E31C3A25-F9A0-48D4-936E-87C8DF8B7435}"
EndProject
Global
	GlobalSection(SolutionConfigurationPlatforms) = preSolution
		Debug|Any CPU = Debug|Any CPU
		Release|Any CPU = Release|Any CPU
	EndGlobalSection
	GlobalSection(ProjectConfigurationPlatforms) = postSolution
		{C5977DAF-9F30-47BB-9BA0-511C68EDAEC0}.Debug|Any CPU.ActiveCfg = Debug|Any CPU
		{C5977DAF-9F30-47BB-9BA0-511C68EDAEC0}.Debug|Any CPU.Build.0 = Debug|Any CPU
		{C5977DAF-9F30-47BB-9BA0-511C68EDAEC0}.Debug|Any CPU.Deploy.0 = Debug|Any CPU
		{C5977DAF-9F30-47BB-9BA0-511C68EDAEC0}.Release|Any CPU.ActiveCfg = Release|Any CPU
		{C5977DAF-9F30-47BB-9BA0-511C68EDAEC0}.Release|Any CPU.Build.0 = Release|Any CPU
		{C5977DAF-9F30-47BB-9BA0-511C68EDAEC0}.Release|Any CPU.Deploy.0 = Release|Any CPU
		{E31C3A25-F9A0-48D4-936E-87C8DF8B7435}.Debug|Any CPU.ActiveCfg = Debug|Any CPU
		{E31C3A25-F9A0-48D4-936E-87C8DF8B7435}.Debug|Any CPU.Build.0 = Debug|Any CPU
		{E31C3A25-F9A0-48D4-936E-87C8DF8B7435}.Release|Any CPU.ActiveCfg = Release|Any CPU
		{E31C3A25-F9A0-48D4-936E-87C8DF8B7435}.Release|Any CPU.Build.0 = Release|Any CPU
	EndGlobalSection
	GlobalSection(SolutionProperties) = preSolution
		HideSolutionNode = FALSE
	EndGlobalSection
	GlobalSection(ExtensibilityGlobals) = postSolution
		SolutionGuid = {83656DF7-9090-4575-8DA5-AEBFA9633B41}
	EndGlobalSection
EndGlobal
