
Microsoft Visual Studio Solution File, Format Version 12.00
# Visual Studio 15
VisualStudioVersion = 15.0.27703.2018
MinimumVisualStudioVersion = 10.0.40219.1
Project("{FAE04EC0-301F-11D3-BF4B-00C04F79EFBC}") = "SerialPortDemo", "SerialPortDemo\SerialPortDemo.csproj", "{E89B1CA2-7E95-4414-8A90-E7B532662F0C}"
EndProject
Global
	GlobalSection(SolutionConfigurationPlatforms) = preSolution
		Debug|Any CPU = Debug|Any CPU
		Release|Any CPU = Release|Any CPU
	EndGlobalSection
	GlobalSection(ProjectConfigurationPlatforms) = postSolution
		{E89B1CA2-7E95-4414-8A90-E7B532662F0C}.Debug|Any CPU.ActiveCfg = Debug|Any CPU
		{E89B1CA2-7E95-4414-8A90-E7B532662F0C}.Debug|Any CPU.Build.0 = Debug|Any CPU
		{E89B1CA2-7E95-4414-8A90-E7B532662F0C}.Debug|Any CPU.Deploy.0 = Debug|Any CPU
		{E89B1CA2-7E95-4414-8A90-E7B532662F0C}.Release|Any CPU.ActiveCfg = Release|Any CPU
		{E89B1CA2-7E95-4414-8A90-E7B532662F0C}.Release|Any CPU.Build.0 = Release|Any CPU
		{E89B1CA2-7E95-4414-8A90-E7B532662F0C}.Release|Any CPU.Deploy.0 = Release|Any CPU
	EndGlobalSection
	GlobalSection(SolutionProperties) = preSolution
		HideSolutionNode = FALSE
	EndGlobalSection
	GlobalSection(ExtensibilityGlobals) = postSolution
		SolutionGuid = {C61CDE16-405F-4F04-ACCC-446BA376D626}
	EndGlobalSection
EndGlobal
